{
	"archiveVersion": "1",
	"classes": {},
	"objectVersion": "54",
	"objects": {
		"038CBB53-550F-4D5C-8B12-10202E3F14AD": {
			"children": [
				"D8E8D907-7012-41D7-9E7C-56F14C7B4B2E",
				"95C7DFE0-1F79-4C4D-8233-EBC78B06F33E",
				"BB97EFAE-0916-435C-A1B8-3EA74CB708DA",
				"EDDDC3B4-AA18-470C-A398-F6A585E342C8",
				"CE011EC3-FCE8-4F72-B370-3FDB8EC7299D",
				"EE2CFB78-46A6-416F-9F0B-4ED2800D1BA1",
				"92C924AC-8E75-4362-951D-2510E8FB1111",
				"79051CA4-FB6A-4BC0-8F1E-A1A9A433E161",
				"887A4455-31C4-44E4-A161-158CA501E59D",
				"55E6A2F5-9566-4F08-8719-B0971C167B2F",
				"BD242453-EE2B-4465-A8AB-8DDD44906E0A",
				"8A5DD1A6-203E-4A8E-892E-E85514160B9F",
				"ABF9C125-E6ED-4068-B31A-551FF19A4CE5",
				"C3BBC914-8C19-479C-A831-96A7618CE99D",
				"7E4C6F2F-526A-4A1A-A064-5C00B984A9DF",
				"C7B06DE3-06A6-4C47-8EC8-C8D52AB163CC",
				"33A2DEDA-D635-4EBF-9E67-A3D74668396B",
				"8773A978-7351-4860-AA3C-FBED39372BD5",
				"DB78A37C-44F7-4A36-ACA3-BEA82B601A7B",
				"AE4C07D4-2716-4E7C-A5C1-66C3655AFBD2",
				"6F4CADEE-4097-4957-9FF8-19335D2EEF5F",
				"1D584EF9-914F-438A-AC8E-DCF6C60529A1"
			],
			"isa": "PBXGroup",
			"name": "src",
			"path": "../../../addons/ofxGui/src",
			"sourceTree": "SOURCE_ROOT"
		},
		"1692BA5C-C58E-4A22-9E22-DC0308ADA22E": {
			"fileRef": "33A2DEDA-D635-4EBF-9E67-A3D74668396B",
			"isa": "PBXBuildFile"
		},
		"17EC26E5-5C84-4316-8812-2D656B025AFB": {
			"children": [
				"60043DE6-9CA9-4B5D-9444-912E1CFC14F6",
				"7C6EA030-1865-4841-ACE0-F529AAE3ECF1",
				"28401C2E-641F-4EA7-9212-B12724D88828",
				"E4190DDD-7EBE-4DE5-9BBD-A8B40FFAC7CA",
				"30A1D0E6-09EE-419C-A928-4F72D903CDFE",
				"DE554B69-0287-46BB-8809-FA377D891EF1"
			],
			"isa": "PBXGroup",
			"name": "src",
			"path": "../../../addons/ofxUVC/src",
			"sourceTree": "SOURCE_ROOT"
		},
		"191CD6FA2847E21E0085CBB6": {
			"fileEncoding": "4",
			"isa": "PBXFileReference",
			"lastKnownFileType": "text.plist.entitlements",
			"path": "of.entitlements",
			"sourceTree": "<group>"
		},
		"191EF70929D778A400F35F26": {
			"isa": "PBXFileReference",
			"lastKnownFileType": "folder",
			"name": "openFrameworks",
			"path": "../../../libs/openFrameworks",
			"sourceTree": "SOURCE_ROOT"
		},
		"19B789C429E5AB4A0082E9B8": {
			"buildActionMask": "2147483647",
			"files": [],
			"inputFileListPaths": [],
			"inputPaths": [],
			"isa": "PBXShellScriptBuildPhase",
			"outputFileListPaths": [],
			"outputPaths": [],
			"runOnlyForDeploymentPostprocessing": "0",
			"shellPath": "/bin/sh",
			"shellScript": "\"$OF_PATH/scripts/osx/xcode_project.sh\"\n",
			"showEnvVarsInLog": "0"
		},
		"1D584EF9-914F-438A-AC8E-DCF6C60529A1": {
			"explicitFileType": "sourcecode.c.h",
			"fileEncoding": "4",
			"isa": "PBXFileReference",
			"name": "ofxToggle.h",
			"path": "../../../addons/ofxGui/src/ofxToggle.h",
			"sourceTree": "SOURCE_ROOT"
		},
		"28401C2E-641F-4EA7-9212-B12724D88828": {
			"explicitFileType": "sourcecode.c.h",
			"fileEncoding": "4",
			"isa": "PBXFileReference",
			"name": "ofxUVC.h",
			"path": "../../../addons/ofxUVC/src/ofxUVC.h",
			"sourceTree": "SOURCE_ROOT"
		},
		"30A1D0E6-09EE-419C-A928-4F72D903CDFE": {
			"explicitFileType": "sourcecode.c.h",
			"fileEncoding": "4",
			"isa": "PBXFileReference",
			"name": "ofxUVCProber.h",
			"path": "../../../addons/ofxUVC/src/ofxUVCProber.h",
			"sourceTree": "SOURCE_ROOT"
		},
		"33A2DEDA-D635-4EBF-9E67-A3D74668396B": {
			"explicitFileType": "sourcecode.cpp.cpp",
			"fileEncoding": "4",
			"isa": "PBXFileReference",
			"name": "ofxSlider.cpp",
			"path": "../../../addons/ofxGui/src/ofxSlider.cpp",
			"sourceTree": "SOURCE_ROOT"
		},
		"38CDD0BB-A68F-4816-9F1F-A1076BAFF652": {
			"fileRef": "BD242453-EE2B-4465-A8AB-8DDD44906E0A",
			"isa": "PBXBuildFile"
		},
		"3A52CED5-9FCF-403C-88BC-A58F65DEA191": {
			"fileRef": "ABF9C125-E6ED-4068-B31A-551FF19A4CE5",
			"isa": "PBXBuildFile"
		},
		"3B4BDCB3-0D3E-4044-B627-76D368D5F16D": {
			"fileRef": "79051CA4-FB6A-4BC0-8F1E-A1A9A433E161",
			"isa": "PBXBuildFile"
		},
		"3EE9D76F-3EB6-41A9-B64B-8A0333817810": {
			"explicitFileType": "sourcecode.c.h",
			"fileEncoding": "4",
			"isa": "PBXFileReference",
			"name": "UVC_controller.h",
			"path": "src/UVC_controller.h",
			"sourceTree": "SOURCE_ROOT"
		},
		"486751DD-FCCB-4FDE-A83E-84F64BC1CA17": {
			"fileRef": "CE011EC3-FCE8-4F72-B370-3FDB8EC7299D",
			"isa": "PBXBuildFile"
		},
		"55E6A2F5-9566-4F08-8719-B0971C167B2F": {
			"explicitFileType": "sourcecode.c.h",
			"fileEncoding": "4",
			"isa": "PBXFileReference",
			"name": "ofxGuiUtils.h",
			"path": "../../../addons/ofxGui/src/ofxGuiUtils.h",
			"sourceTree": "SOURCE_ROOT"
		},
		"587F0B98-D3E0-454E-BAFC-704A0D9D38A2": {
			"fileRef": "7E4C6F2F-526A-4A1A-A064-5C00B984A9DF",
			"isa": "PBXBuildFile"
		},
		"5D66D6EB-3A8A-483B-9D74-B6AB166CD2AB": {
			"children": [
				"038CBB53-550F-4D5C-8B12-10202E3F14AD"
			],
			"isa": "PBXGroup",
			"name": "ofxGui",
			"path": "../../../addons/ofxGui",
			"sourceTree": "SOURCE_ROOT"
		},
		"60043DE6-9CA9-4B5D-9444-912E1CFC14F6": {
			"explicitFileType": "sourcecode.c.h",
			"fileEncoding": "4",
			"isa": "PBXFileReference",
			"name": "UVCCameraControl.h",
			"path": "../../../addons/ofxUVC/src/UVCCameraControl.h",
			"sourceTree": "SOURCE_ROOT"
		},
		"6D21F8EF-09F5-49DB-91D6-A8AE04A75712": {
			"fileRef": "DB78A37C-44F7-4A36-ACA3-BEA82B601A7B",
			"isa": "PBXBuildFile"
		},
		"6F4CADEE-4097-4957-9FF8-19335D2EEF5F": {
			"explicitFileType": "sourcecode.cpp.cpp",
			"fileEncoding": "4",
			"isa": "PBXFileReference",
			"name": "ofxToggle.cpp",
			"path": "../../../addons/ofxGui/src/ofxToggle.cpp",
			"sourceTree": "SOURCE_ROOT"
		},
		"79051CA4-FB6A-4BC0-8F1E-A1A9A433E161": {
			"explicitFileType": "sourcecode.cpp.cpp",
			"fileEncoding": "4",
			"isa": "PBXFileReference",
			"name": "ofxGuiGroup.cpp",
			"path": "../../../addons/ofxGui/src/ofxGuiGroup.cpp",
			"sourceTree": "SOURCE_ROOT"
		},
		"7C6EA030-1865-4841-ACE0-F529AAE3ECF1": {
			"explicitFileType": "sourcecode.cpp.objcpp",
			"fileEncoding": "4",
			"isa": "PBXFileReference",
			"name": "UVCCameraControl.m",
			"path": "../../../addons/ofxUVC/src/UVCCameraControl.m",
			"sourceTree": "SOURCE_ROOT"
		},
		"7E4C6F2F-526A-4A1A-A064-5C00B984A9DF": {
			"explicitFileType": "sourcecode.cpp.cpp",
			"fileEncoding": "4",
			"isa": "PBXFileReference",
			"name": "ofxPanel.cpp",
			"path": "../../../addons/ofxGui/src/ofxPanel.cpp",
			"sourceTree": "SOURCE_ROOT"
		},
		"8773A978-7351-4860-AA3C-FBED39372BD5": {
			"explicitFileType": "sourcecode.c.h",
			"fileEncoding": "4",
			"isa": "PBXFileReference",
			"name": "ofxSlider.h",
			"path": "../../../addons/ofxGui/src/ofxSlider.h",
			"sourceTree": "SOURCE_ROOT"
		},
		"887A4455-31C4-44E4-A161-158CA501E59D": {
			"explicitFileType": "sourcecode.c.h",
			"fileEncoding": "4",
			"isa": "PBXFileReference",
			"name": "ofxGuiGroup.h",
			"path": "../../../addons/ofxGui/src/ofxGuiGroup.h",
			"sourceTree": "SOURCE_ROOT"
		},
		"8A5DD1A6-203E-4A8E-892E-E85514160B9F": {
			"explicitFileType": "sourcecode.c.h",
			"fileEncoding": "4",
			"isa": "PBXFileReference",
			"name": "ofxInputField.h",
			"path": "../../../addons/ofxGui/src/ofxInputField.h",
			"sourceTree": "SOURCE_ROOT"
		},
		"92C924AC-8E75-4362-951D-2510E8FB1111": {
			"explicitFileType": "sourcecode.c.h",
			"fileEncoding": "4",
			"isa": "PBXFileReference",
			"name": "ofxGui.h",
			"path": "../../../addons/ofxGui/src/ofxGui.h",
			"sourceTree": "SOURCE_ROOT"
		},
		"95C7DFE0-1F79-4C4D-8233-EBC78B06F33E": {
			"explicitFileType": "sourcecode.c.h",
			"fileEncoding": "4",
			"isa": "PBXFileReference",
			"name": "ofxBaseGui.h",
			"path": "../../../addons/ofxGui/src/ofxBaseGui.h",
			"sourceTree": "SOURCE_ROOT"
		},
		"9D1E5BEA-A93E-4FFA-B67D-F441CD6440B2": {
			"fileRef": "6F4CADEE-4097-4957-9FF8-19335D2EEF5F",
			"isa": "PBXBuildFile"
		},
		"A442701B-D9C6-41C2-9F1C-C6AD642BC710": {
			"fileRef": "D8E8D907-7012-41D7-9E7C-56F14C7B4B2E",
			"isa": "PBXBuildFile"
		},
		"ABF9C125-E6ED-4068-B31A-551FF19A4CE5": {
			"explicitFileType": "sourcecode.cpp.cpp",
			"fileEncoding": "4",
			"isa": "PBXFileReference",
			"name": "ofxLabel.cpp",
			"path": "../../../addons/ofxGui/src/ofxLabel.cpp",
			"sourceTree": "SOURCE_ROOT"
		},
		"AE4C07D4-2716-4E7C-A5C1-66C3655AFBD2": {
			"explicitFileType": "sourcecode.c.h",
			"fileEncoding": "4",
			"isa": "PBXFileReference",
			"name": "ofxSliderGroup.h",
			"path": "../../../addons/ofxGui/src/ofxSliderGroup.h",
			"sourceTree": "SOURCE_ROOT"
		},
		"AEE5F7D6-B244-42E4-A27A-1400D912F03F": {
			"fileRef": "7C6EA030-1865-4841-ACE0-F529AAE3ECF1",
			"isa": "PBXBuildFile"
		},
		"AFFED90B-665F-4F78-B166-58BD2862939F": {
			"children": [
				"17EC26E5-5C84-4316-8812-2D656B025AFB"
			],
			"isa": "PBXGroup",
			"name": "ofxUVC",
			"path": "../../../addons/ofxUVC",
			"sourceTree": "SOURCE_ROOT"
		},
		"BB4B014C10F69532006C3DED": {
			"children": [
				"5D66D6EB-3A8A-483B-9D74-B6AB166CD2AB",
				"AFFED90B-665F-4F78-B166-58BD2862939F"
			],
			"isa": "PBXGroup",
			"name": "addons",
			"path": "../../../addons",
			"sourceTree": "<group>"
		},
		"BB97EFAE-0916-435C-A1B8-3EA74CB708DA": {
			"explicitFileType": "sourcecode.cpp.cpp",
			"fileEncoding": "4",
			"isa": "PBXFileReference",
			"name": "ofxButton.cpp",
			"path": "../../../addons/ofxGui/src/ofxButton.cpp",
			"sourceTree": "SOURCE_ROOT"
		},
		"BD242453-EE2B-4465-A8AB-8DDD44906E0A": {
			"explicitFileType": "sourcecode.cpp.cpp",
			"fileEncoding": "4",
			"isa": "PBXFileReference",
			"name": "ofxInputField.cpp",
			"path": "../../../addons/ofxGui/src/ofxInputField.cpp",
			"sourceTree": "SOURCE_ROOT"
		},
		"C3BBC914-8C19-479C-A831-96A7618CE99D": {
			"explicitFileType": "sourcecode.c.h",
			"fileEncoding": "4",
			"isa": "PBXFileReference",
			"name": "ofxLabel.h",
			"path": "../../../addons/ofxGui/src/ofxLabel.h",
			"sourceTree": "SOURCE_ROOT"
		},
		"C7B06DE3-06A6-4C47-8EC8-C8D52AB163CC": {
			"explicitFileType": "sourcecode.c.h",
			"fileEncoding": "4",
			"isa": "PBXFileReference",
			"name": "ofxPanel.h",
			"path": "../../../addons/ofxGui/src/ofxPanel.h",
			"sourceTree": "SOURCE_ROOT"
		},
		"CE011EC3-FCE8-4F72-B370-3FDB8EC7299D": {
			"explicitFileType": "sourcecode.cpp.cpp",
			"fileEncoding": "4",
			"isa": "PBXFileReference",
			"name": "ofxColorPicker.cpp",
			"path": "../../../addons/ofxGui/src/ofxColorPicker.cpp",
			"sourceTree": "SOURCE_ROOT"
		},
		"D8E8D907-7012-41D7-9E7C-56F14C7B4B2E": {
			"explicitFileType": "sourcecode.cpp.cpp",
			"fileEncoding": "4",
			"isa": "PBXFileReference",
			"name": "ofxBaseGui.cpp",
			"path": "../../../addons/ofxGui/src/ofxBaseGui.cpp",
			"sourceTree": "SOURCE_ROOT"
		},
		"DB78A37C-44F7-4A36-ACA3-BEA82B601A7B": {
			"explicitFileType": "sourcecode.cpp.cpp",
			"fileEncoding": "4",
			"isa": "PBXFileReference",
			"name": "ofxSliderGroup.cpp",
			"path": "../../../addons/ofxGui/src/ofxSliderGroup.cpp",
			"sourceTree": "SOURCE_ROOT"
		},
		"DE554B69-0287-46BB-8809-FA377D891EF1": {
			"explicitFileType": "sourcecode.c.h",
			"fileEncoding": "4",
			"isa": "PBXFileReference",
			"name": "ofxUVCUseProber.h",
			"path": "../../../addons/ofxUVC/src/ofxUVCUseProber.h",
			"sourceTree": "SOURCE_ROOT"
		},
		"E4190DDD-7EBE-4DE5-9BBD-A8B40FFAC7CA": {
			"explicitFileType": "sourcecode.cpp.objcpp",
			"fileEncoding": "4",
			"isa": "PBXFileReference",
			"name": "ofxUVC.mm",
			"path": "../../../addons/ofxUVC/src/ofxUVC.mm",
			"sourceTree": "SOURCE_ROOT"
		},
		"E42962A92163ECCD00A6A9E2": {
			"alwaysOutOfDate": "1",
			"buildActionMask": "2147483647",
			"files": [],
			"inputPaths": [],
			"isa": "PBXShellScriptBuildPhase",
			"name": "Run Script — Compile OF",
			"outputPaths": [],
			"runOnlyForDeploymentPostprocessing": "0",
			"shellPath": "/bin/sh",
			"shellScript": "echo \"💾 Compiling Openframeworks\"\nxcodebuild -project \"$OF_PATH/libs/openFrameworksCompiled/project/osx/openFrameworksLib.xcodeproj\" -target openFrameworks -configuration \"${CONFIGURATION}\"  CLANG_CXX_LANGUAGE_STANDARD=$CLANG_CXX_LANGUAGE_STANDARD MACOSX_DEPLOYMENT_TARGET=$MACOSX_DEPLOYMENT_TARGET GCC_PREPROCESSOR_DEFINITIONS=$USER_PREPROCESSOR_DEFINITIONS\n",
			"showEnvVarsInLog": "0"
		},
		"E4A5B60F29BAAAE400C2D356": {
			"buildActionMask": "2147483647",
			"dstPath": "",
			"dstSubfolderSpec": "6",
			"files": [],
			"isa": "PBXCopyFilesBuildPhase",
			"runOnlyForDeploymentPostprocessing": "0"
		},
		"E4B69B4A0A3A1720003C02F2": {
			"children": [
				"191CD6FA2847E21E0085CBB6",
				"E4B6FCAD0C3E899E008CF71C",
				"E4EB6923138AFD0F00A09F29",
				"E4B69E1C0A3A1BDC003C02F2",
				"191EF70929D778A400F35F26",
				"BB4B014C10F69532006C3DED",
				"E4B69B5B0A3A1756003C02F2"
			],
			"isa": "PBXGroup",
			"sourceTree": "<group>"
		},
		"E4B69B4C0A3A1720003C02F2": {
			"attributes": {
				"LastUpgradeCheck": "0600"
			},
			"buildConfigurationList": "E4B69B4D0A3A1720003C02F2",
			"compatibilityVersion": "Xcode 3.2",
			"developmentRegion": "en",
			"hasScannedForEncodings": "0",
			"isa": "PBXProject",
			"knownRegions": [
				"en",
				"Base"
			],
			"mainGroup": "E4B69B4A0A3A1720003C02F2",
			"productRefGroup": "E4B69B4A0A3A1720003C02F2",
			"projectDirPath": "",
			"projectRoot": "",
			"targets": [
				"E4B69B5A0A3A1756003C02F2"
			]
		},
		"E4B69B4D0A3A1720003C02F2": {
			"buildConfigurations": [
				"E4B69B4E0A3A1720003C02F2",
				"E4B69B4F0A3A1720003C02F2"
			],
			"defaultConfigurationIsVisible": "0",
			"defaultConfigurationName": "Release",
			"isa": "XCConfigurationList"
		},
		"E4B69B4E0A3A1720003C02F2": {
			"baseConfigurationReference": "E4EB6923138AFD0F00A09F29",
			"buildSettings": {
				"CODE_SIGN_ENTITLEMENTS": "of.entitlements",
				"COPY_PHASE_STRIP": "NO",
				"ENABLE_TESTABILITY": "YES",
				"GCC_OPTIMIZATION_LEVEL": "0",
				"GCC_WARN_UNUSED_VARIABLE": "NO",
				"HEADER_SEARCH_PATHS": [
					"$(OF_CORE_HEADERS)",
					"src"
				],
				"OTHER_CPLUSPLUSFLAGS": "-D__MACOSX_CORE__"
			},
			"isa": "XCBuildConfiguration",
			"name": "Debug"
		},
		"E4B69B4F0A3A1720003C02F2": {
			"baseConfigurationReference": "E4EB6923138AFD0F00A09F29",
			"buildSettings": {
				"CODE_SIGN_ENTITLEMENTS": "of.entitlements",
				"COPY_PHASE_STRIP": "YES",
				"GCC_OPTIMIZATION_LEVEL": "3",
				"GCC_UNROLL_LOOPS": "YES",
				"HEADER_SEARCH_PATHS": [
					"$(OF_CORE_HEADERS)",
					"src"
				],
				"OTHER_CPLUSPLUSFLAGS": "-D__MACOSX_CORE__"
			},
			"isa": "XCBuildConfiguration",
			"name": "Release"
		},
		"E4B69B580A3A1756003C02F2": {
			"buildActionMask": "2147483647",
			"files": [
				"E4B69E200A3A1BDC003C02F2",
				"E4B69E210A3A1BDC003C02F2",
				"A442701B-D9C6-41C2-9F1C-C6AD642BC710",
				"F3570BE6-71ED-434A-9D88-C3CAE6531A5C",
				"486751DD-FCCB-4FDE-A83E-84F64BC1CA17",
				"3B4BDCB3-0D3E-4044-B627-76D368D5F16D",
				"38CDD0BB-A68F-4816-9F1F-A1076BAFF652",
				"3A52CED5-9FCF-403C-88BC-A58F65DEA191",
				"587F0B98-D3E0-454E-BAFC-704A0D9D38A2",
				"1692BA5C-C58E-4A22-9E22-DC0308ADA22E",
				"6D21F8EF-09F5-49DB-91D6-A8AE04A75712",
				"9D1E5BEA-A93E-4FFA-B67D-F441CD6440B2",
				"AEE5F7D6-B244-42E4-A27A-1400D912F03F",
				"E84E613F-5086-47A8-9F7B-13E21FE92160"
			],
			"isa": "PBXSourcesBuildPhase",
			"runOnlyForDeploymentPostprocessing": "0"
		},
		"E4B69B590A3A1756003C02F2": {
			"buildActionMask": "2147483647",
			"files": [],
			"isa": "PBXFrameworksBuildPhase",
			"runOnlyForDeploymentPostprocessing": "0"
		},
		"E4B69B5A0A3A1756003C02F2": {
			"buildConfigurationList": "E4B69B5F0A3A1757003C02F2",
			"buildPhases": [
				"E42962A92163ECCD00A6A9E2",
				"E4B69B580A3A1756003C02F2",
				"E4B69B590A3A1756003C02F2",
				"E4C2427710CC5ABF004149E2",
				"E4A5B60F29BAAAE400C2D356",
				"19B789C429E5AB4A0082E9B8"
			],
			"buildRules": [],
			"dependencies": [],
			"isa": "PBXNativeTarget",
			"name": "example",
			"productName": "myOFApp",
			"productReference": "E4B69B5B0A3A1756003C02F2",
			"productType": "com.apple.product-type.application"
		},
		"E4B69B5B0A3A1756003C02F2": {
			"explicitFileType": "wrapper.application",
			"includeInIndex": "0",
			"isa": "PBXFileReference",
			"path": "exampleDebug.app",
			"sourceTree": "BUILT_PRODUCTS_DIR"
		},
		"E4B69B5F0A3A1757003C02F2": {
			"buildConfigurations": [
				"E4B69B600A3A1757003C02F2",
				"E4B69B610A3A1757003C02F2"
			],
			"defaultConfigurationIsVisible": "0",
			"defaultConfigurationName": "Release",
			"isa": "XCConfigurationList"
		},
		"E4B69B600A3A1757003C02F2": {
			"baseConfigurationReference": "E4EB6923138AFD0F00A09F29",
			"buildSettings": {
				"ARCHS": "$(ARCHS_STANDARD)",
				"COPY_PHASE_STRIP": "NO",
				"FRAMEWORK_SEARCH_PATHS": "$(inherited)",
				"GCC_DYNAMIC_NO_PIC": "NO",
				"HEADER_SEARCH_PATHS": [
					"$(OF_CORE_HEADERS)",
					"src",
					"src",
					"../../../addons/ofxGui/src",
					"../../../addons/ofxUVC/src"
				],
				"LIBRARY_SEARCH_PATHS": "$(inherited)",
				"OTHER_LDFLAGS": [
					"$(OF_CORE_LIBS)",
					"$(OF_CORE_FRAMEWORKS)",
					"$(LIB_OF_DEBUG)"
				]
			},
			"isa": "XCBuildConfiguration",
			"name": "Debug"
		},
		"E4B69B610A3A1757003C02F2": {
			"baseConfigurationReference": "E4EB6923138AFD0F00A09F29",
			"buildSettings": {
				"ARCHS": "$(ARCHS_STANDARD)",
				"COPY_PHASE_STRIP": "YES",
				"FRAMEWORK_SEARCH_PATHS": "$(inherited)",
				"HEADER_SEARCH_PATHS": [
					"$(OF_CORE_HEADERS)",
					"src",
					"src",
					"../../../addons/ofxGui/src",
					"../../../addons/ofxUVC/src"
				],
				"LIBRARY_SEARCH_PATHS": "$(inherited)",
				"OTHER_LDFLAGS": [
					"$(OF_CORE_LIBS)",
					"$(OF_CORE_FRAMEWORKS)",
					"$(LIB_OF)"
				],
				"baseConfigurationReference": "E4EB6923138AFD0F00A09F29"
			},
			"isa": "XCBuildConfiguration",
			"name": "Release"
		},
		"E4B69E1C0A3A1BDC003C02F2": {
			"children": [
				"E4B69E1D0A3A1BDC003C02F2",
				"E4B69E1E0A3A1BDC003C02F2",
				"E4B69E1F0A3A1BDC003C02F2",
				"3EE9D76F-3EB6-41A9-B64B-8A0333817810"
			],
			"isa": "PBXGroup",
			"path": "src",
			"sourceTree": "SOURCE_ROOT"
		},
		"E4B69E1D0A3A1BDC003C02F2": {
			"fileEncoding": "4",
			"isa": "PBXFileReference",
			"lastKnownFileType": "sourcecode.cpp.cpp",
			"name": "main.cpp",
			"path": "src/main.cpp",
			"sourceTree": "SOURCE_ROOT"
		},
		"E4B69E1E0A3A1BDC003C02F2": {
			"explicitFileType": "sourcecode.cpp.cpp",
			"fileEncoding": "4",
			"isa": "PBXFileReference",
			"name": "ofApp.cpp",
			"path": "src/ofApp.cpp",
			"sourceTree": "SOURCE_ROOT"
		},
		"E4B69E1F0A3A1BDC003C02F2": {
			"fileEncoding": "4",
			"isa": "PBXFileReference",
			"lastKnownFileType": "sourcecode.c.h",
			"name": "ofApp.h",
			"path": "src/ofApp.h",
			"sourceTree": "SOURCE_ROOT"
		},
		"E4B69E200A3A1BDC003C02F2": {
			"fileRef": "E4B69E1D0A3A1BDC003C02F2",
			"isa": "PBXBuildFile"
		},
		"E4B69E210A3A1BDC003C02F2": {
			"fileRef": "E4B69E1E0A3A1BDC003C02F2",
			"isa": "PBXBuildFile"
		},
		"E4B6FCAD0C3E899E008CF71C": {
			"fileEncoding": "4",
			"isa": "PBXFileReference",
			"lastKnownFileType": "text.plist.xml",
			"path": "openFrameworks-Info.plist",
			"sourceTree": "<group>"
		},
		"E4C2427710CC5ABF004149E2": {
			"buildActionMask": "2147483647",
			"dstPath": "",
			"dstSubfolderSpec": "10",
			"files": [],
			"isa": "PBXCopyFilesBuildPhase",
			"runOnlyForDeploymentPostprocessing": "0"
		},
		"E4EB6923138AFD0F00A09F29": {
			"fileEncoding": "4",
			"isa": "PBXFileReference",
			"lastKnownFileType": "text.xcconfig",
			"path": "Project.xcconfig",
			"sourceTree": "<group>"
		},
		"E84E613F-5086-47A8-9F7B-13E21FE92160": {
			"fileRef": "E4190DDD-7EBE-4DE5-9BBD-A8B40FFAC7CA",
			"isa": "PBXBuildFile"
		},
		"EDDDC3B4-AA18-470C-A398-F6A585E342C8": {
			"explicitFileType": "sourcecode.c.h",
			"fileEncoding": "4",
			"isa": "PBXFileReference",
			"name": "ofxButton.h",
			"path": "../../../addons/ofxGui/src/ofxButton.h",
			"sourceTree": "SOURCE_ROOT"
		},
		"EE2CFB78-46A6-416F-9F0B-4ED2800D1BA1": {
			"explicitFileType": "sourcecode.c.h",
			"fileEncoding": "4",
			"isa": "PBXFileReference",
			"name": "ofxColorPicker.h",
			"path": "../../../addons/ofxGui/src/ofxColorPicker.h",
			"sourceTree": "SOURCE_ROOT"
		},
		"F3570BE6-71ED-434A-9D88-C3CAE6531A5C": {
			"fileRef": "BB97EFAE-0916-435C-A1B8-3EA74CB708DA",
			"isa": "PBXBuildFile"
		}
	},
	"openFrameworksProjectGeneratorVersion": "21",
	"rootObject": "E4B69B4C0A3A1720003C02F2"
}